// !$*UTF8*$!
{
	archiveVersion = 1;
	classes = {
	};
	objectVersion = 46;
	objects = {

/* Begin PBXBuildFile section */
		C347EE0C1CFB0AA300A97C12 /* AppDelegate.swift in Sources */ = {isa = PBXBuildFile; fileRef = C347EE0B1CFB0AA300A97C12 /* AppDelegate.swift */; };
		C347EE0E1CFB0AA300A97C12 /* ViewController.swift in Sources */ = {isa = PBXBuildFile; fileRef = C347EE0D1CFB0AA300A97C12 /* ViewController.swift */; };
		C347EE111CFB0AA300A97C12 /* Main.storyboard in Resources */ = {isa = PBXBuildFile; fileRef = C347EE0F1CFB0AA300A97C12 /* Main.storyboard */; };
		C347EE131CFB0AA300A97C12 /* Assets.xcassets in Resources */ = {isa = PBXBuildFile; fileRef = C347EE121CFB0AA300A97C12 /* Assets.xcassets */; };
		C347EE161CFB0AA300A97C12 /* LaunchScreen.storyboard in Resources */ = {isa = PBXBuildFile; fileRef = C347EE141CFB0AA300A97C12 /* LaunchScreen.storyboard */; };
		C347EE1E1CFB0AC400A97C12 /* Sketch.xcassets in Resources */ = {isa = PBXBuildFile; fileRef = C347EE1D1CFB0AC400A97C12 /* Sketch.xcassets */; };
		C347EE241CFB163B00A97C12 /* Sketch.swift in Sources */ = {isa = PBXBuildFile; fileRef = C347EE231CFB163B00A97C12 /* Sketch.swift */; };
/* End PBXBuildFile section */

/* Begin PBXFileReference section */
		C347EE081CFB0AA300A97C12 /* Sample.app */ = {isa = PBXFileReference; explicitFileType = wrapper.application; includeInIndex = 0; path = Sample.app; sourceTree = BUILT_PRODUCTS_DIR; };
		C347EE0B1CFB0AA300A97C12 /* AppDelegate.swift */ = {isa = PBXFileReference; lastKnownFileType = sourcecode.swift; path = AppDelegate.swift; sourceTree = "<group>"; };
		C347EE0D1CFB0AA300A97C12 /* ViewController.swift */ = {isa = PBXFileReference; lastKnownFileType = sourcecode.swift; path = ViewController.swift; sourceTree = "<group>"; };
		C347EE101CFB0AA300A97C12 /* Base */ = {isa = PBXFileReference; lastKnownFileType = file.storyboard; name = Base; path = Base.lproj/Main.storyboard; sourceTree = "<group>"; };
		C347EE121CFB0AA300A97C12 /* Assets.xcassets */ = {isa = PBXFileReference; lastKnownFileType = folder.assetcatalog; path = Assets.xcassets; sourceTree = "<group>"; };
		C347EE151CFB0AA300A97C12 /* Base */ = {isa = PBXFileReference; lastKnownFileType = file.storyboard; name = Base; path = Base.lproj/LaunchScreen.storyboard; sourceTree = "<group>"; };
		C347EE171CFB0AA300A97C12 /* Info.plist */ = {isa = PBXFileReference; lastKnownFileType = text.plist.xml; path = Info.plist; sourceTree = "<group>"; };
		C347EE1D1CFB0AC400A97C12 /* Sketch.xcassets */ = {isa = PBXFileReference; lastKnownFileType = folder.assetcatalog; path = Sketch.xcassets; sourceTree = "<group>"; };
		C347EE231CFB163B00A97C12 /* Sketch.swift */ = {isa = PBXFileReference; fileEncoding = 4; lastKnownFileType = sourcecode.swift; path = Sketch.swift; sourceTree = "<group>"; };
/* End PBXFileReference section */

/* Begin PBXFrameworksBuildPhase section */
		C347EE051CFB0AA300A97C12 /* Frameworks */ = {
			isa = PBXFrameworksBuildPhase;
			buildActionMask = 2147483647;
			files = (
			);
			runOnlyForDeploymentPostprocessing = 0;
		};
/* End PBXFrameworksBuildPhase section */

/* Begin PBXGroup section */
		C347EDFF1CFB0AA300A97C12 = {
			isa = PBXGroup;
			children = (
				C347EE231CFB163B00A97C12 /* Sketch.swift */,
				C347EE1D1CFB0AC400A97C12 /* Sketch.xcassets */,
				C347EE0A1CFB0AA300A97C12 /* Sample */,
				C347EE091CFB0AA300A97C12 /* Products */,
			);
			sourceTree = "<group>";
		};
		C347EE091CFB0AA300A97C12 /* Products */ = {
			isa = PBXGroup;
			children = (
				C347EE081CFB0AA300A97C12 /* Sample.app */,
			);
			name = Products;
			sourceTree = "<group>";
		};
		C347EE0A1CFB0AA300A97C12 /* Sample */ = {
			isa = PBXGroup;
			children = (
				C347EE0B1CFB0AA300A97C12 /* AppDelegate.swift */,
				C347EE0D1CFB0AA300A97C12 /* ViewController.swift */,
				C347EE0F1CFB0AA300A97C12 /* Main.storyboard */,
				C347EE121CFB0AA300A97C12 /* Assets.xcassets */,
				C347EE141CFB0AA300A97C12 /* LaunchScreen.storyboard */,
				C347EE171CFB0AA300A97C12 /* Info.plist */,
			);
			path = Sample;
			sourceTree = "<group>";
		};
/* End PBXGroup section */

/* Begin PBXNativeTarget section */
		C347EE071CFB0AA300A97C12 /* Sample */ = {
			isa = PBXNativeTarget;
			buildConfigurationList = C347EE1A1CFB0AA300A97C12 /* Build configuration list for PBXNativeTarget "Sample" */;
			buildPhases = (
				C347EE201CFB0EDF00A97C12 /* increment build version */,
				C347EE1F1CFB0B7300A97C12 /* sketch convert */,
				C347EE041CFB0AA300A97C12 /* Sources */,
				C347EE051CFB0AA300A97C12 /* Frameworks */,
				C347EE061CFB0AA300A97C12 /* Resources */,
			);
			buildRules = (
			);
			dependencies = (
			);
			name = Sample;
			productName = Sample;
			productReference = C347EE081CFB0AA300A97C12 /* Sample.app */;
			productType = "com.apple.product-type.application";
		};
/* End PBXNativeTarget section */

/* Begin PBXProject section */
		C347EE001CFB0AA300A97C12 /* Project object */ = {
			isa = PBXProject;
			attributes = {
				LastSwiftUpdateCheck = 0730;
				LastUpgradeCheck = 0730;
				ORGANIZATIONNAME = asada;
				TargetAttributes = {
					C347EE071CFB0AA300A97C12 = {
						CreatedOnToolsVersion = 7.3.1;
					};
				};
			};
			buildConfigurationList = C347EE031CFB0AA300A97C12 /* Build configuration list for PBXProject "Sample" */;
			compatibilityVersion = "Xcode 3.2";
			developmentRegion = English;
			hasScannedForEncodings = 0;
			knownRegions = (
				en,
				Base,
			);
			mainGroup = C347EDFF1CFB0AA300A97C12;
			productRefGroup = C347EE091CFB0AA300A97C12 /* Products */;
			projectDirPath = "";
			projectRoot = "";
			targets = (
				C347EE071CFB0AA300A97C12 /* Sample */,
			);
		};
/* End PBXProject section */

/* Begin PBXResourcesBuildPhase section */
		C347EE061CFB0AA300A97C12 /* Resources */ = {
			isa = PBXResourcesBuildPhase;
			buildActionMask = 2147483647;
			files = (
				C347EE161CFB0AA300A97C12 /* LaunchScreen.storyboard in Resources */,
				C347EE131CFB0AA300A97C12 /* Assets.xcassets in Resources */,
				C347EE1E1CFB0AC400A97C12 /* Sketch.xcassets in Resources */,
				C347EE111CFB0AA300A97C12 /* Main.storyboard in Resources */,
			);
			runOnlyForDeploymentPostprocessing = 0;
		};
/* End PBXResourcesBuildPhase section */

/* Begin PBXShellScriptBuildPhase section */
		C347EE1F1CFB0B7300A97C12 /* sketch convert */ = {
			isa = PBXShellScriptBuildPhase;
			buildActionMask = 2147483647;
			files = (
			);
			inputPaths = (
			);
			name = "sketch convert";
			outputPaths = (
			);
			runOnlyForDeploymentPostprocessing = 0;
			shellPath = /bin/sh;
			shellScript = "cd ${SRCROOT}\nphp sketch2xcassets.php -gitignore Sample.sketch Sketch.xcassets Sketch.swift\n";
		};
		C347EE201CFB0EDF00A97C12 /* increment build version */ = {
			isa = PBXShellScriptBuildPhase;
			buildActionMask = 8;
			files = (
			);
			inputPaths = (
			);
			name = "increment build version";
			outputPaths = (
			);
			runOnlyForDeploymentPostprocessing = 1;
			shellPath = /bin/sh;
			shellScript = "buildNumber=$(/usr/libexec/PlistBuddy -c \"Print CFBundleVersion\" \"${PROJECT_DIR}/${INFOPLIST_FILE}\")\nbuildNumber=$(($buildNumber + 1))\n/usr/libexec/PlistBuddy -c \"Set :CFBundleVersion $buildNumber\" \"${PROJECT_DIR}/${INFOPLIST_FILE}\"\n";
		};
/* End PBXShellScriptBuildPhase section */

/* Begin PBXSourcesBuildPhase section */
		C347EE041CFB0AA300A97C12 /* Sources */ = {
			isa = PBXSourcesBuildPhase;
			buildActionMask = 2147483647;
			files = (
				C347EE241CFB163B00A97C12 /* Sketch.swift in Sources */,
				C347EE0E1CFB0AA300A97C12 /* ViewController.swift in Sources */,
				C347EE0C1CFB0AA300A97C12 /* AppDelegate.swift in Sources */,
			);
			runOnlyForDeploymentPostprocessing = 0;
		};
/* End PBXSourcesBuildPhase section */

/* Begin PBXVariantGroup section */
		C347EE0F1CFB0AA300A97C12 /* Main.storyboard */ = {
			isa = PBXVariantGroup;
			children = (
				C347EE101CFB0AA300A97C12 /* Base */,
			);
			name = Main.storyboard;
			sourceTree = "<group>";
		};
		C347EE141CFB0AA300A97C12 /* LaunchScreen.storyboard */ = {
			isa = PBXVariantGroup;
			children = (
				C347EE151CFB0AA300A97C12 /* Base */,
			);
			name = LaunchScreen.storyboard;
			sourceTree = "<group>";
		};
/* End PBXVariantGroup section */

/* Begin XCBuildConfiguration section */
		C347EE181CFB0AA300A97C12 /* Debug */ = {
			isa = XCBuildConfiguration;
			buildSettings = {
				ALWAYS_SEARCH_USER_PATHS = NO;
				CLANG_ANALYZER_NONNULL = YES;
				CLANG_CXX_LANGUAGE_STANDARD = "gnu++0x";
				CLANG_CXX_LIBRARY = "libc++";
				CLANG_ENABLE_MODULES = YES;
				CLANG_ENABLE_OBJC_ARC = YES;
				CLANG_WARN_BOOL_CONVERSION = YES;
				CLANG_WARN_CONSTANT_CONVERSION = YES;
				CLANG_WARN_DIRECT_OBJC_ISA_USAGE = YES_ERROR;
				CLANG_WARN_EMPTY_BODY = YES;
				CLANG_WARN_ENUM_CONVERSION = YES;
				CLANG_WARN_INT_CONVERSION = YES;
				CLANG_WARN_OBJC_ROOT_CLASS = YES_ERROR;
				CLANG_WARN_UNREACHABLE_CODE = YES;
				CLANG_WARN__DUPLICATE_METHOD_MATCH = YES;
				"CODE_SIGN_IDENTITY[sdk=iphoneos*]" = "iPhone Developer";
				COPY_PHASE_STRIP = NO;
				DEBUG_INFORMATION_FORMAT = dwarf;
				ENABLE_STRICT_OBJC_MSGSEND = YES;
				ENABLE_TESTABILITY = YES;
				GCC_C_LANGUAGE_STANDARD = gnu99;
				GCC_DYNAMIC_NO_PIC = NO;
				GCC_NO_COMMON_BLOCKS = YES;
				GCC_OPTIMIZATION_LEVEL = 0;
				GCC_PREPROCESSOR_DEFINITIONS = (
					"DEBUG=1",
					"$(inherited)",
				);
				GCC_WARN_64_TO_32_BIT_CONVERSION = YES;
				GCC_WARN_ABOUT_RETURN_TYPE = YES_ERROR;
				GCC_WARN_UNDECLARED_SELECTOR = YES;
				GCC_WARN_UNINITIALIZED_AUTOS = YES_AGGRESSIVE;
				GCC_WARN_UNUSED_FUNCTION = YES;
				GCC_WARN_UNUSED_VARIABLE = YES;
				IPHONEOS_DEPLOYMENT_TARGET = 9.3;
				MTL_ENABLE_DEBUG_INFO = YES;
				ONLY_ACTIVE_ARCH = YES;
				SDKROOT = iphoneos;
				SWIFT_OPTIMIZATION_LEVEL = "-Onone";
				TARGETED_DEVICE_FAMILY = "1,2";
			};
			name = Debug;
		};
		C347EE191CFB0AA300A97C12 /* Release */ = {
			isa = XCBuildConfiguration;
			buildSettings = {
				ALWAYS_SEARCH_USER_PATHS = NO;
				CLANG_ANALYZER_NONNULL = YES;
				CLANG_CXX_LANGUAGE_STANDARD = "gnu++0x";
				CLANG_CXX_LIBRARY = "libc++";
				CLANG_ENABLE_MODULES = YES;
				CLANG_ENABLE_OBJC_ARC = YES;
				CLANG_WARN_BOOL_CONVERSION = YES;
				CLANG_WARN_CONSTANT_CONVERSION = YES;
				CLANG_WARN_DIRECT_OBJC_ISA_USAGE = YES_ERROR;
				CLANG_WARN_EMPTY_BODY = YES;
				CLANG_WARN_ENUM_CONVERSION = YES;
				CLANG_WARN_INT_CONVERSION = YES;
				CLANG_WARN_OBJC_ROOT_CLASS = YES_ERROR;
				CLANG_WARN_UNREACHABLE_CODE = YES;
				CLANG_WARN__DUPLICATE_METHOD_MATCH = YES;
				"CODE_SIGN_IDENTITY[sdk=iphoneos*]" = "iPhone Developer";
				COPY_PHASE_STRIP = NO;
				DEBUG_INFORMATION_FORMAT = "dwarf-with-dsym";
				ENABLE_NS_ASSERTIONS = NO;
				ENABLE_STRICT_OBJC_MSGSEND = YES;
				GCC_C_LANGUAGE_STANDARD = gnu99;
				GCC_NO_COMMON_BLOCKS = YES;
				GCC_WARN_64_TO_32_BIT_CONVERSION = YES;
				GCC_WARN_ABOUT_RETURN_TYPE = YES_ERROR;
				GCC_WARN_UNDECLARED_SELECTOR = YES;
				GCC_WARN_UNINITIALIZED_AUTOS = YES_AGGRESSIVE;
				GCC_WARN_UNUSED_FUNCTION = YES;
				GCC_WARN_UNUSED_VARIABLE = YES;
				IPHONEOS_DEPLOYMENT_TARGET = 9.3;
				MTL_ENABLE_DEBUG_INFO = NO;
				SDKROOT = iphoneos;
				TARGETED_DEVICE_FAMILY = "1,2";
				VALIDATE_PRODUCT = YES;
			};
			name = Release;
		};
		C347EE1B1CFB0AA300A97C12 /* Debug */ = {
			isa = XCBuildConfiguration;
			buildSettings = {
				ASSETCATALOG_COMPILER_APPICON_NAME = AppIcon;
				INFOPLIST_FILE = Sample/Info.plist;
				LD_RUNPATH_SEARCH_PATHS = "$(inherited) @executable_path/Frameworks";
				PRODUCT_BUNDLE_IDENTIFIER = com.nagisa.Sample;
				PRODUCT_NAME = "$(TARGET_NAME)";
			};
			name = Debug;
		};
		C347EE1C1CFB0AA300A97C12 /* Release */ = {
			isa = XCBuildConfiguration;
			buildSettings = {
				ASSETCATALOG_COMPILER_APPICON_NAME = AppIcon;
				INFOPLIST_FILE = Sample/Info.plist;
				LD_RUNPATH_SEARCH_PATHS = "$(inherited) @executable_path/Frameworks";
				PRODUCT_BUNDLE_IDENTIFIER = com.nagisa.Sample;
				PRODUCT_NAME = "$(TARGET_NAME)";
			};
			name = Release;
		};
/* End XCBuildConfiguration section */

/* Begin XCConfigurationList section */
		C347EE031CFB0AA300A97C12 /* Build configuration list for PBXProject "Sample" */ = {
			isa = XCConfigurationList;
			buildConfigurations = (
				C347EE181CFB0AA300A97C12 /* Debug */,
				C347EE191CFB0AA300A97C12 /* Release */,
			);
			defaultConfigurationIsVisible = 0;
			defaultConfigurationName = Release;
		};
		C347EE1A1CFB0AA300A97C12 /* Build configuration list for PBXNativeTarget "Sample" */ = {
			isa = XCConfigurationList;
			buildConfigurations = (
				C347EE1B1CFB0AA300A97C12 /* Debug */,
				C347EE1C1CFB0AA300A97C12 /* Release */,
			);
			defaultConfigurationIsVisible = 0;
			defaultConfigurationName = Release;
		};
/* End XCConfigurationList section */
	};
	rootObject = C347EE001CFB0AA300A97C12 /* Project object */;
}
